// !$*UTF8*$!
{
	archiveVersion = 1;
	classes = {
	};
	objectVersion = 77;
	objects = {

/* Begin PBXBuildFile section */
		ED68A0F92EDA070000C3DCC7 /* HyrulepediaBreathScreen.swift in Sources */ = {isa = PBXBuildFile; fileRef = ED68A0F62EDA070000C3DCC7 /* HyrulepediaBreathScreen.swift */; };
		ED68A0FA2EDA070000C3DCC7 /* HyrulepediaApp.swift in Sources */ = {isa = PBXBuildFile; fileRef = ED68A0F72EDA070000C3DCC7 /* HyrulepediaApp.swift */; };
		ED68A0FB2EDA070000C3DCC7 /* Assets.xcassets in Resources */ = {isa = PBXBuildFile; fileRef = ED68A0F52EDA070000C3DCC7 /* Assets.xcassets */; };
		ED68A1002EDA07E300C3DCC7 /* GetAllItemsUseCase.swift in Sources */ = {isa = PBXBuildFile; fileRef = ED68A0FF2EDA07DC00C3DCC7 /* GetAllItemsUseCase.swift */; };
		ED68A1022EDA07ED00C3DCC7 /* HyrulepediaRepositoryContract.swift in Sources */ = {isa = PBXBuildFile; fileRef = ED68A1012EDA07E700C3DCC7 /* HyrulepediaRepositoryContract.swift */; };
		ED68A1052EDA07FF00C3DCC7 /* NetworkConfig.swift in Sources */ = {isa = PBXBuildFile; fileRef = ED68A1042EDA07FC00C3DCC7 /* NetworkConfig.swift */; };
		ED68A1072EDA080600C3DCC7 /* HyrulepediaRepository.swift in Sources */ = {isa = PBXBuildFile; fileRef = ED68A1062EDA080300C3DCC7 /* HyrulepediaRepository.swift */; };
		ED68A10A2EDA082400C3DCC7 /* HyrulepediaBreathViewModel.swift in Sources */ = {isa = PBXBuildFile; fileRef = ED68A1092EDA081600C3DCC7 /* HyrulepediaBreathViewModel.swift */; };
		ED68A10C2EDA083100C3DCC7 /* HyrulepediaDetailViewModel.swift in Sources */ = {isa = PBXBuildFile; fileRef = ED68A10B2EDA082A00C3DCC7 /* HyrulepediaDetailViewModel.swift */; };
		ED68A1122EDA08AF00C3DCC7 /* HTTPMethod.swift in Sources */ = {isa = PBXBuildFile; fileRef = ED68A1112EDA08A900C3DCC7 /* HTTPMethod.swift */; };
		ED68A1142EDA08CC00C3DCC7 /* Endpoint.swift in Sources */ = {isa = PBXBuildFile; fileRef = ED68A1132EDA08CC00C3DCC7 /* Endpoint.swift */; };
		ED68A1162EDA08E300C3DCC7 /* NetworkService.swift in Sources */ = {isa = PBXBuildFile; fileRef = ED68A1152EDA08E300C3DCC7 /* NetworkService.swift */; };
		ED68A11A2EDA08FD00C3DCC7 /* DefaultNetworkService.swift in Sources */ = {isa = PBXBuildFile; fileRef = ED68A1192EDA08FD00C3DCC7 /* DefaultNetworkService.swift */; };
		ED68A11D2EDA09E000C3DCC7 /* GetItemUseCase.swift in Sources */ = {isa = PBXBuildFile; fileRef = ED68A11C2EDA09E000C3DCC7 /* GetItemUseCase.swift */; };
		ED68A1222EDA0A5F00C3DCC7 /* HyrulepediaDataEntity.swift in Sources */ = {isa = PBXBuildFile; fileRef = ED68A1212EDA0A5500C3DCC7 /* HyrulepediaDataEntity.swift */; };
		ED68A1242EDA0A6600C3DCC7 /* HyrulepediaResponses.swift in Sources */ = {isa = PBXBuildFile; fileRef = ED68A1232EDA0A6600C3DCC7 /* HyrulepediaResponses.swift */; };
		ED68A1262EDA110E00C3DCC7 /* DependencyContainer.swift in Sources */ = {isa = PBXBuildFile; fileRef = ED68A1252EDA110E00C3DCC7 /* DependencyContainer.swift */; };
		ED68A1282EDB022900C3DCC7 /* HyrulepediaGameSelectorScreen.swift in Sources */ = {isa = PBXBuildFile; fileRef = ED68A1272EDB022900C3DCC7 /* HyrulepediaGameSelectorScreen.swift */; };
		ED68A12B2EDB03D900C3DCC7 /* HyrulepediaBreathHeaderSectionView.swift in Sources */ = {isa = PBXBuildFile; fileRef = ED68A12A2EDB03D900C3DCC7 /* HyrulepediaBreathHeaderSectionView.swift */; };
		ED68A12F2EDB064400C3DCC7 /* HyrulepediaBreathInformationSectionView.swift in Sources */ = {isa = PBXBuildFile; fileRef = ED68A12E2EDB062500C3DCC7 /* HyrulepediaBreathInformationSectionView.swift */; };
		ED68A1322EDB073F00C3DCC7 /* Kingfisher in Frameworks */ = {isa = PBXBuildFile; productRef = ED68A1312EDB073F00C3DCC7 /* Kingfisher */; };
		ED68A1342EDB07EB00C3DCC7 /* HyrulepediaBreathFooterSectionView.swift in Sources */ = {isa = PBXBuildFile; fileRef = ED68A1332EDB07D600C3DCC7 /* HyrulepediaBreathFooterSectionView.swift */; };
		ED68A1822EDCC4E600C3DCC7 /* AppRoute.swift in Sources */ = {isa = PBXBuildFile; fileRef = ED68A1812EDCC4E600C3DCC7 /* AppRoute.swift */; };
		ED68A1842EDCC4EA00C3DCC7 /* NavigationCoordinator.swift in Sources */ = {isa = PBXBuildFile; fileRef = ED68A1832EDCC4EA00C3DCC7 /* NavigationCoordinator.swift */; };
		ED68A1862EDCC4EC00C3DCC7 /* AppRootView.swift in Sources */ = {isa = PBXBuildFile; fileRef = ED68A1852EDCC4EC00C3DCC7 /* AppRootView.swift */; };
		ED68A18C2EDCC97300C3DCC7 /* HyrulepediaTearsViewModel.swift in Sources */ = {isa = PBXBuildFile; fileRef = ED68A18B2EDCC97300C3DCC7 /* HyrulepediaTearsViewModel.swift */; };
		ED68A18E2EDCC98C00C3DCC7 /* HyrulepediaTearsScreen.swift in Sources */ = {isa = PBXBuildFile; fileRef = ED68A18D2EDCC98C00C3DCC7 /* HyrulepediaTearsScreen.swift */; };
		ED68A1942EDCCA2300C3DCC7 /* HyrulepediaTearsInformationSectionView.swift in Sources */ = {isa = PBXBuildFile; fileRef = ED68A1902EDCCA2300C3DCC7 /* HyrulepediaTearsInformationSectionView.swift */; };
		ED68A1952EDCCA2300C3DCC7 /* HyrulepediaTearsFooterSectionView.swift in Sources */ = {isa = PBXBuildFile; fileRef = ED68A18F2EDCCA2300C3DCC7 /* HyrulepediaTearsFooterSectionView.swift */; };
		ED68A1962EDCCA2300C3DCC7 /* HyrulepediaTearsHeaderSectionView.swift in Sources */ = {isa = PBXBuildFile; fileRef = ED68A1922EDCCA2300C3DCC7 /* HyrulepediaTearsHeaderSectionView.swift */; };
		ED68A1992EDCCBAD00C3DCC7 /* HyrulepediaDetailScreen.swift in Sources */ = {isa = PBXBuildFile; fileRef = ED68A1982EDCCBAD00C3DCC7 /* HyrulepediaDetailScreen.swift */; };
		ED68A1A02EDCCF9B00C3DCC7 /* HyrulepediaDetailHeaderSectionView.swift in Sources */ = {isa = PBXBuildFile; fileRef = ED68A19D2EDCCF9B00C3DCC7 /* HyrulepediaDetailHeaderSectionView.swift */; };
		ED68A1A12EDCCF9B00C3DCC7 /* HyrulepediaDetailInformationSectionView.swift in Sources */ = {isa = PBXBuildFile; fileRef = ED68A19B2EDCCF9B00C3DCC7 /* HyrulepediaDetailInformationSectionView.swift */; };
		ED68A1A42EDCCFAA00C3DCC7 /* HyrulepediaDetailImageSectionView.swift in Sources */ = {isa = PBXBuildFile; fileRef = ED68A1A32EDCCFAA00C3DCC7 /* HyrulepediaDetailImageSectionView.swift */; };
		ED6CCAB82EFB39760089F7A6 /* HyrulepediaCrossLoaderSectionView.swift in Sources */ = {isa = PBXBuildFile; fileRef = ED6CCAB72EFB39760089F7A6 /* HyrulepediaCrossLoaderSectionView.swift */; };
		ED6CCABA2EFB39C50089F7A6 /* HyrulepediaCrossLoaderSectionContract.swift in Sources */ = {isa = PBXBuildFile; fileRef = ED6CCAB92EFB39C50089F7A6 /* HyrulepediaCrossLoaderSectionContract.swift */; };
		ED6CCAC02F06B80B0089F7A6 /* HyliaSerifBeta-Regular.otf in Resources */ = {isa = PBXBuildFile; fileRef = ED6CCABF2F06B80B0089F7A6 /* HyliaSerifBeta-Regular.otf */; };
		EDCB1A332EEB739600F93E28 /* HyrulepediaCrossFooterSectionView.swift in Sources */ = {isa = PBXBuildFile; fileRef = EDCB1A322EEB739600F93E28 /* HyrulepediaCrossFooterSectionView.swift */; };
		EDCB1A362EEB745900F93E28 /* HyrulepediaCrossFooterSectionContract.swift in Sources */ = {isa = PBXBuildFile; fileRef = EDCB1A352EEB745900F93E28 /* HyrulepediaCrossFooterSectionContract.swift */; };
/* End PBXBuildFile section */

/* Begin PBXCopyFilesBuildPhase section */
		ED68A15D2EDCA09700C3DCC7 /* Embed Frameworks */ = {
			isa = PBXCopyFilesBuildPhase;
			buildActionMask = 2147483647;
			dstPath = "";
			dstSubfolderSpec = 10;
			files = (
			);
			name = "Embed Frameworks";
			runOnlyForDeploymentPostprocessing = 0;
		};
/* End PBXCopyFilesBuildPhase section */

/* Begin PBXFileReference section */
		ED68A0F52EDA070000C3DCC7 /* Assets.xcassets */ = {isa = PBXFileReference; lastKnownFileType = folder.assetcatalog; path = Assets.xcassets; sourceTree = "<group>"; };
		ED68A0F62EDA070000C3DCC7 /* HyrulepediaBreathScreen.swift */ = {isa = PBXFileReference; lastKnownFileType = sourcecode.swift; path = HyrulepediaBreathScreen.swift; sourceTree = "<group>"; };
		ED68A0F72EDA070000C3DCC7 /* HyrulepediaApp.swift */ = {isa = PBXFileReference; lastKnownFileType = sourcecode.swift; path = HyrulepediaApp.swift; sourceTree = "<group>"; };
		ED68A0FF2EDA07DC00C3DCC7 /* GetAllItemsUseCase.swift */ = {isa = PBXFileReference; lastKnownFileType = sourcecode.swift; path = GetAllItemsUseCase.swift; sourceTree = "<group>"; };
		ED68A1012EDA07E700C3DCC7 /* HyrulepediaRepositoryContract.swift */ = {isa = PBXFileReference; lastKnownFileType = sourcecode.swift; path = HyrulepediaRepositoryContract.swift; sourceTree = "<group>"; };
		ED68A1042EDA07FC00C3DCC7 /* NetworkConfig.swift */ = {isa = PBXFileReference; lastKnownFileType = sourcecode.swift; path = NetworkConfig.swift; sourceTree = "<group>"; };
		ED68A1062EDA080300C3DCC7 /* HyrulepediaRepository.swift */ = {isa = PBXFileReference; lastKnownFileType = sourcecode.swift; path = HyrulepediaRepository.swift; sourceTree = "<group>"; };
		ED68A1092EDA081600C3DCC7 /* HyrulepediaBreathViewModel.swift */ = {isa = PBXFileReference; lastKnownFileType = sourcecode.swift; path = HyrulepediaBreathViewModel.swift; sourceTree = "<group>"; };
		ED68A10B2EDA082A00C3DCC7 /* HyrulepediaDetailViewModel.swift */ = {isa = PBXFileReference; lastKnownFileType = sourcecode.swift; path = HyrulepediaDetailViewModel.swift; sourceTree = "<group>"; };
		ED68A1112EDA08A900C3DCC7 /* HTTPMethod.swift */ = {isa = PBXFileReference; lastKnownFileType = sourcecode.swift; path = HTTPMethod.swift; sourceTree = "<group>"; };
		ED68A1132EDA08CC00C3DCC7 /* Endpoint.swift */ = {isa = PBXFileReference; lastKnownFileType = sourcecode.swift; path = Endpoint.swift; sourceTree = "<group>"; };
		ED68A1152EDA08E300C3DCC7 /* NetworkService.swift */ = {isa = PBXFileReference; lastKnownFileType = sourcecode.swift; path = NetworkService.swift; sourceTree = "<group>"; };
		ED68A1192EDA08FD00C3DCC7 /* DefaultNetworkService.swift */ = {isa = PBXFileReference; lastKnownFileType = sourcecode.swift; path = DefaultNetworkService.swift; sourceTree = "<group>"; };
		ED68A11C2EDA09E000C3DCC7 /* GetItemUseCase.swift */ = {isa = PBXFileReference; lastKnownFileType = sourcecode.swift; path = GetItemUseCase.swift; sourceTree = "<group>"; };
		ED68A1212EDA0A5500C3DCC7 /* HyrulepediaDataEntity.swift */ = {isa = PBXFileReference; lastKnownFileType = sourcecode.swift; path = HyrulepediaDataEntity.swift; sourceTree = "<group>"; };
		ED68A1232EDA0A6600C3DCC7 /* HyrulepediaResponses.swift */ = {isa = PBXFileReference; lastKnownFileType = sourcecode.swift; path = HyrulepediaResponses.swift; sourceTree = "<group>"; };
		ED68A1252EDA110E00C3DCC7 /* DependencyContainer.swift */ = {isa = PBXFileReference; lastKnownFileType = sourcecode.swift; path = DependencyContainer.swift; sourceTree = "<group>"; };
		ED68A1272EDB022900C3DCC7 /* HyrulepediaGameSelectorScreen.swift */ = {isa = PBXFileReference; lastKnownFileType = sourcecode.swift; path = HyrulepediaGameSelectorScreen.swift; sourceTree = "<group>"; };
		ED68A12A2EDB03D900C3DCC7 /* HyrulepediaBreathHeaderSectionView.swift */ = {isa = PBXFileReference; lastKnownFileType = sourcecode.swift; path = HyrulepediaBreathHeaderSectionView.swift; sourceTree = "<group>"; };
		ED68A12E2EDB062500C3DCC7 /* HyrulepediaBreathInformationSectionView.swift */ = {isa = PBXFileReference; lastKnownFileType = sourcecode.swift; path = HyrulepediaBreathInformationSectionView.swift; sourceTree = "<group>"; };
		ED68A1332EDB07D600C3DCC7 /* HyrulepediaBreathFooterSectionView.swift */ = {isa = PBXFileReference; lastKnownFileType = sourcecode.swift; path = HyrulepediaBreathFooterSectionView.swift; sourceTree = "<group>"; };
		ED68A1812EDCC4E600C3DCC7 /* AppRoute.swift */ = {isa = PBXFileReference; lastKnownFileType = sourcecode.swift; path = AppRoute.swift; sourceTree = "<group>"; };
		ED68A1832EDCC4EA00C3DCC7 /* NavigationCoordinator.swift */ = {isa = PBXFileReference; lastKnownFileType = sourcecode.swift; path = NavigationCoordinator.swift; sourceTree = "<group>"; };
		ED68A1852EDCC4EC00C3DCC7 /* AppRootView.swift */ = {isa = PBXFileReference; lastKnownFileType = sourcecode.swift; path = AppRootView.swift; sourceTree = "<group>"; };
		ED68A18B2EDCC97300C3DCC7 /* HyrulepediaTearsViewModel.swift */ = {isa = PBXFileReference; lastKnownFileType = sourcecode.swift; path = HyrulepediaTearsViewModel.swift; sourceTree = "<group>"; };
		ED68A18D2EDCC98C00C3DCC7 /* HyrulepediaTearsScreen.swift */ = {isa = PBXFileReference; lastKnownFileType = sourcecode.swift; path = HyrulepediaTearsScreen.swift; sourceTree = "<group>"; };
		ED68A18F2EDCCA2300C3DCC7 /* HyrulepediaTearsFooterSectionView.swift */ = {isa = PBXFileReference; lastKnownFileType = sourcecode.swift; path = HyrulepediaTearsFooterSectionView.swift; sourceTree = "<group>"; };
		ED68A1902EDCCA2300C3DCC7 /* HyrulepediaTearsInformationSectionView.swift */ = {isa = PBXFileReference; lastKnownFileType = sourcecode.swift; path = HyrulepediaTearsInformationSectionView.swift; sourceTree = "<group>"; };
		ED68A1922EDCCA2300C3DCC7 /* HyrulepediaTearsHeaderSectionView.swift */ = {isa = PBXFileReference; lastKnownFileType = sourcecode.swift; path = HyrulepediaTearsHeaderSectionView.swift; sourceTree = "<group>"; };
		ED68A1982EDCCBAD00C3DCC7 /* HyrulepediaDetailScreen.swift */ = {isa = PBXFileReference; lastKnownFileType = sourcecode.swift; path = HyrulepediaDetailScreen.swift; sourceTree = "<group>"; };
		ED68A19B2EDCCF9B00C3DCC7 /* HyrulepediaDetailInformationSectionView.swift */ = {isa = PBXFileReference; lastKnownFileType = sourcecode.swift; path = HyrulepediaDetailInformationSectionView.swift; sourceTree = "<group>"; };
		ED68A19D2EDCCF9B00C3DCC7 /* HyrulepediaDetailHeaderSectionView.swift */ = {isa = PBXFileReference; lastKnownFileType = sourcecode.swift; path = HyrulepediaDetailHeaderSectionView.swift; sourceTree = "<group>"; };
		ED68A1A32EDCCFAA00C3DCC7 /* HyrulepediaDetailImageSectionView.swift */ = {isa = PBXFileReference; lastKnownFileType = sourcecode.swift; path = HyrulepediaDetailImageSectionView.swift; sourceTree = "<group>"; };
		ED6CCAB72EFB39760089F7A6 /* HyrulepediaCrossLoaderSectionView.swift */ = {isa = PBXFileReference; lastKnownFileType = sourcecode.swift; path = HyrulepediaCrossLoaderSectionView.swift; sourceTree = "<group>"; };
		ED6CCAB92EFB39C50089F7A6 /* HyrulepediaCrossLoaderSectionContract.swift */ = {isa = PBXFileReference; lastKnownFileType = sourcecode.swift; path = HyrulepediaCrossLoaderSectionContract.swift; sourceTree = "<group>"; };
		ED6CCABF2F06B80B0089F7A6 /* HyliaSerifBeta-Regular.otf */ = {isa = PBXFileReference; lastKnownFileType = file; path = "HyliaSerifBeta-Regular.otf"; sourceTree = "<group>"; };
		EDAEA9812EDA06B2005B6E0B /* Hyrulepedia.app */ = {isa = PBXFileReference; explicitFileType = wrapper.application; includeInIndex = 0; path = Hyrulepedia.app; sourceTree = BUILT_PRODUCTS_DIR; };
		EDCB1A322EEB739600F93E28 /* HyrulepediaCrossFooterSectionView.swift */ = {isa = PBXFileReference; lastKnownFileType = sourcecode.swift; path = HyrulepediaCrossFooterSectionView.swift; sourceTree = "<group>"; };
		EDCB1A352EEB745900F93E28 /* HyrulepediaCrossFooterSectionContract.swift */ = {isa = PBXFileReference; lastKnownFileType = sourcecode.swift; path = HyrulepediaCrossFooterSectionContract.swift; sourceTree = "<group>"; };
/* End PBXFileReference section */

/* Begin PBXFrameworksBuildPhase section */
		EDAEA97E2EDA06B2005B6E0B /* Frameworks */ = {
			isa = PBXFrameworksBuildPhase;
			buildActionMask = 2147483647;
			files = (
				ED68A1322EDB073F00C3DCC7 /* Kingfisher in Frameworks */,
			);
			runOnlyForDeploymentPostprocessing = 0;
		};
/* End PBXFrameworksBuildPhase section */

/* Begin PBXGroup section */
		ED68A0F82EDA070000C3DCC7 /* Hyrulepedia */ = {
			isa = PBXGroup;
			children = (
				ED6CCABB2F069ED40089F7A6 /* Font */,
				ED68A1032EDA07F200C3DCC7 /* Data */,
				ED68A0FC2EDA07CE00C3DCC7 /* Domain */,
				ED68A1082EDA080E00C3DCC7 /* Presentation */,
				ED68A0F52EDA070000C3DCC7 /* Assets.xcassets */,
				ED68A1252EDA110E00C3DCC7 /* DependencyContainer.swift */,
				ED68A0F72EDA070000C3DCC7 /* HyrulepediaApp.swift */,
				ED68A1852EDCC4EC00C3DCC7 /* AppRootView.swift */,
			);
			path = Hyrulepedia;
			sourceTree = "<group>";
		};
		ED68A0FC2EDA07CE00C3DCC7 /* Domain */ = {
			isa = PBXGroup;
			children = (
				ED68A11E2EDA0A3A00C3DCC7 /* Entities */,
				ED68A11B2EDA09B000C3DCC7 /* UseCases */,
				ED751CB72EE3045400066A1E /* Repository */,
			);
			path = Domain;
			sourceTree = "<group>";
		};
		ED68A1032EDA07F200C3DCC7 /* Data */ = {
			isa = PBXGroup;
			children = (
				ED68A1102EDA088400C3DCC7 /* Networking */,
				ED824B2C2EE2E01100DE4B3C /* Repository */,
			);
			path = Data;
			sourceTree = "<group>";
		};
		ED68A1082EDA080E00C3DCC7 /* Presentation */ = {
			isa = PBXGroup;
			children = (
				EDCB1A312EEB738700F93E28 /* Cross */,
				ED68A18A2EDCC96900C3DCC7 /* Tears */,
				ED68A10F2EDA084C00C3DCC7 /* Breath */,
				ED68A10E2EDA084500C3DCC7 /* Detail */,
				ED68A10D2EDA083E00C3DCC7 /* Home */,
				ED68A1772EDCB1AA00C3DCC7 /* Navigation */,
			);
			path = Presentation;
			sourceTree = "<group>";
		};
		ED68A10D2EDA083E00C3DCC7 /* Home */ = {
			isa = PBXGroup;
			children = (
				ED68A1272EDB022900C3DCC7 /* HyrulepediaGameSelectorScreen.swift */,
			);
			path = Home;
			sourceTree = "<group>";
		};
		ED68A10E2EDA084500C3DCC7 /* Detail */ = {
			isa = PBXGroup;
			children = (
				ED68A19E2EDCCF9B00C3DCC7 /* Sections */,
				ED68A1982EDCCBAD00C3DCC7 /* HyrulepediaDetailScreen.swift */,
				ED68A10B2EDA082A00C3DCC7 /* HyrulepediaDetailViewModel.swift */,
			);
			path = Detail;
			sourceTree = "<group>";
		};
		ED68A10F2EDA084C00C3DCC7 /* Breath */ = {
			isa = PBXGroup;
			children = (
				ED68A1292EDB02B900C3DCC7 /* Sections */,
				ED68A0F62EDA070000C3DCC7 /* HyrulepediaBreathScreen.swift */,
				ED68A1092EDA081600C3DCC7 /* HyrulepediaBreathViewModel.swift */,
			);
			path = Breath;
			sourceTree = "<group>";
		};
		ED68A1102EDA088400C3DCC7 /* Networking */ = {
			isa = PBXGroup;
			children = (
				ED68A1192EDA08FD00C3DCC7 /* DefaultNetworkService.swift */,
				ED68A1152EDA08E300C3DCC7 /* NetworkService.swift */,
				ED68A1132EDA08CC00C3DCC7 /* Endpoint.swift */,
				ED68A1112EDA08A900C3DCC7 /* HTTPMethod.swift */,
				ED68A1042EDA07FC00C3DCC7 /* NetworkConfig.swift */,
			);
			path = Networking;
			sourceTree = "<group>";
		};
		ED68A11B2EDA09B000C3DCC7 /* UseCases */ = {
			isa = PBXGroup;
			children = (
				ED68A11C2EDA09E000C3DCC7 /* GetItemUseCase.swift */,
				ED68A0FF2EDA07DC00C3DCC7 /* GetAllItemsUseCase.swift */,
			);
			path = UseCases;
			sourceTree = "<group>";
		};
		ED68A11E2EDA0A3A00C3DCC7 /* Entities */ = {
			isa = PBXGroup;
			children = (
				ED68A1232EDA0A6600C3DCC7 /* HyrulepediaResponses.swift */,
				ED68A1212EDA0A5500C3DCC7 /* HyrulepediaDataEntity.swift */,
			);
			path = Entities;
			sourceTree = "<group>";
		};
		ED68A1292EDB02B900C3DCC7 /* Sections */ = {
			isa = PBXGroup;
			children = (
				ED68A1332EDB07D600C3DCC7 /* HyrulepediaBreathFooterSectionView.swift */,
				ED68A12E2EDB062500C3DCC7 /* HyrulepediaBreathInformationSectionView.swift */,
				ED68A12A2EDB03D900C3DCC7 /* HyrulepediaBreathHeaderSectionView.swift */,
			);
			path = Sections;
			sourceTree = "<group>";
		};
		ED68A1772EDCB1AA00C3DCC7 /* Navigation */ = {
			isa = PBXGroup;
			children = (
				ED68A1812EDCC4E600C3DCC7 /* AppRoute.swift */,
				ED68A1832EDCC4EA00C3DCC7 /* NavigationCoordinator.swift */,
			);
			path = Navigation;
			sourceTree = "<group>";
		};
		ED68A18A2EDCC96900C3DCC7 /* Tears */ = {
			isa = PBXGroup;
			children = (
				ED68A1932EDCCA2300C3DCC7 /* Sections */,
				ED68A18D2EDCC98C00C3DCC7 /* HyrulepediaTearsScreen.swift */,
				ED68A18B2EDCC97300C3DCC7 /* HyrulepediaTearsViewModel.swift */,
			);
			path = Tears;
			sourceTree = "<group>";
		};
		ED68A1932EDCCA2300C3DCC7 /* Sections */ = {
			isa = PBXGroup;
			children = (
				ED68A18F2EDCCA2300C3DCC7 /* HyrulepediaTearsFooterSectionView.swift */,
				ED68A1902EDCCA2300C3DCC7 /* HyrulepediaTearsInformationSectionView.swift */,
				ED68A1922EDCCA2300C3DCC7 /* HyrulepediaTearsHeaderSectionView.swift */,
			);
			path = Sections;
			sourceTree = "<group>";
		};
		ED68A19E2EDCCF9B00C3DCC7 /* Sections */ = {
			isa = PBXGroup;
			children = (
				ED68A1A32EDCCFAA00C3DCC7 /* HyrulepediaDetailImageSectionView.swift */,
				ED68A19B2EDCCF9B00C3DCC7 /* HyrulepediaDetailInformationSectionView.swift */,
				ED68A19D2EDCCF9B00C3DCC7 /* HyrulepediaDetailHeaderSectionView.swift */,
			);
			path = Sections;
			sourceTree = "<group>";
		};
		ED6CCAB62EFB38DD0089F7A6 /* Loader */ = {
			isa = PBXGroup;
			children = (
				ED6CCAB92EFB39C50089F7A6 /* HyrulepediaCrossLoaderSectionContract.swift */,
				ED6CCAB72EFB39760089F7A6 /* HyrulepediaCrossLoaderSectionView.swift */,
			);
			path = Loader;
			sourceTree = "<group>";
		};
		ED6CCABB2F069ED40089F7A6 /* Font */ = {
			isa = PBXGroup;
			children = (
				ED6CCABF2F06B80B0089F7A6 /* HyliaSerifBeta-Regular.otf */,
			);
			path = Font;
			sourceTree = "<group>";
		};
		ED751CB72EE3045400066A1E /* Repository */ = {
			isa = PBXGroup;
			children = (
				ED68A1012EDA07E700C3DCC7 /* HyrulepediaRepositoryContract.swift */,
			);
			path = Repository;
			sourceTree = "<group>";
		};
		ED824B2C2EE2E01100DE4B3C /* Repository */ = {
			isa = PBXGroup;
			children = (
				ED68A1062EDA080300C3DCC7 /* HyrulepediaRepository.swift */,
			);
			path = Repository;
			sourceTree = "<group>";
		};
		EDAEA9782EDA06B2005B6E0B = {
			isa = PBXGroup;
			children = (
				ED68A0F82EDA070000C3DCC7 /* Hyrulepedia */,
				EDAEA9822EDA06B2005B6E0B /* Products */,
			);
			sourceTree = "<group>";
		};
		EDAEA9822EDA06B2005B6E0B /* Products */ = {
			isa = PBXGroup;
			children = (
				EDAEA9812EDA06B2005B6E0B /* Hyrulepedia.app */,
			);
			name = Products;
			sourceTree = "<group>";
		};
		EDCB1A312EEB738700F93E28 /* Cross */ = {
			isa = PBXGroup;
			children = (
				ED6CCAB62EFB38DD0089F7A6 /* Loader */,
				EDCB1A342EEB744500F93E28 /* Footer */,
			);
			path = Cross;
			sourceTree = "<group>";
		};
		EDCB1A342EEB744500F93E28 /* Footer */ = {
			isa = PBXGroup;
			children = (
				EDCB1A352EEB745900F93E28 /* HyrulepediaCrossFooterSectionContract.swift */,
				EDCB1A322EEB739600F93E28 /* HyrulepediaCrossFooterSectionView.swift */,
			);
			path = Footer;
			sourceTree = "<group>";
		};
/* End PBXGroup section */

/* Begin PBXNativeTarget section */
		EDAEA9802EDA06B2005B6E0B /* Hyrulepedia */ = {
			isa = PBXNativeTarget;
			buildConfigurationList = EDAEA98C2EDA06B3005B6E0B /* Build configuration list for PBXNativeTarget "Hyrulepedia" */;
			buildPhases = (
				EDAEA97D2EDA06B2005B6E0B /* Sources */,
				EDAEA97E2EDA06B2005B6E0B /* Frameworks */,
				EDAEA97F2EDA06B2005B6E0B /* Resources */,
				ED68A15D2EDCA09700C3DCC7 /* Embed Frameworks */,
			);
			buildRules = (
			);
			dependencies = (
			);
			name = Hyrulepedia;
			packageProductDependencies = (
				ED68A1312EDB073F00C3DCC7 /* Kingfisher */,
			);
			productName = Hyrulepedia;
			productReference = EDAEA9812EDA06B2005B6E0B /* Hyrulepedia.app */;
			productType = "com.apple.product-type.application";
		};
/* End PBXNativeTarget section */

/* Begin PBXProject section */
		EDAEA9792EDA06B2005B6E0B /* Project object */ = {
			isa = PBXProject;
			attributes = {
				BuildIndependentTargetsInParallel = 1;
				LastSwiftUpdateCheck = 2610;
				LastUpgradeCheck = 2610;
				TargetAttributes = {
					EDAEA9802EDA06B2005B6E0B = {
						CreatedOnToolsVersion = 26.1.1;
					};
				};
			};
			buildConfigurationList = EDAEA97C2EDA06B2005B6E0B /* Build configuration list for PBXProject "Hyrulepedia" */;
			developmentRegion = en;
			hasScannedForEncodings = 0;
			knownRegions = (
				en,
				Base,
			);
			mainGroup = EDAEA9782EDA06B2005B6E0B;
			minimizedProjectReferenceProxies = 1;
			packageReferences = (
				ED68A1302EDB073F00C3DCC7 /* XCRemoteSwiftPackageReference "Kingfisher" */,
			);
			preferredProjectObjectVersion = 77;
			productRefGroup = EDAEA9822EDA06B2005B6E0B /* Products */;
			projectDirPath = "";
			projectRoot = "";
			targets = (
				EDAEA9802EDA06B2005B6E0B /* Hyrulepedia */,
			);
		};
/* End PBXProject section */

/* Begin PBXResourcesBuildPhase section */
		EDAEA97F2EDA06B2005B6E0B /* Resources */ = {
			isa = PBXResourcesBuildPhase;
			buildActionMask = 2147483647;
			files = (
				ED6CCAC02F06B80B0089F7A6 /* HyliaSerifBeta-Regular.otf in Resources */,
				ED68A0FB2EDA070000C3DCC7 /* Assets.xcassets in Resources */,
			);
			runOnlyForDeploymentPostprocessing = 0;
		};
/* End PBXResourcesBuildPhase section */

/* Begin PBXSourcesBuildPhase section */
		EDAEA97D2EDA06B2005B6E0B /* Sources */ = {
			isa = PBXSourcesBuildPhase;
			buildActionMask = 2147483647;
			files = (
				ED68A1022EDA07ED00C3DCC7 /* HyrulepediaRepositoryContract.swift in Sources */,
				ED68A1002EDA07E300C3DCC7 /* GetAllItemsUseCase.swift in Sources */,
				ED68A1842EDCC4EA00C3DCC7 /* NavigationCoordinator.swift in Sources */,
				ED68A11D2EDA09E000C3DCC7 /* GetItemUseCase.swift in Sources */,
				ED68A1242EDA0A6600C3DCC7 /* HyrulepediaResponses.swift in Sources */,
				ED68A10A2EDA082400C3DCC7 /* HyrulepediaBreathViewModel.swift in Sources */,
				ED68A10C2EDA083100C3DCC7 /* HyrulepediaDetailViewModel.swift in Sources */,
				ED68A12B2EDB03D900C3DCC7 /* HyrulepediaBreathHeaderSectionView.swift in Sources */,
				ED68A1052EDA07FF00C3DCC7 /* NetworkConfig.swift in Sources */,
				ED68A1992EDCCBAD00C3DCC7 /* HyrulepediaDetailScreen.swift in Sources */,
				ED68A18C2EDCC97300C3DCC7 /* HyrulepediaTearsViewModel.swift in Sources */,
				ED68A0F92EDA070000C3DCC7 /* HyrulepediaBreathScreen.swift in Sources */,
				ED68A1342EDB07EB00C3DCC7 /* HyrulepediaBreathFooterSectionView.swift in Sources */,
				ED68A0FA2EDA070000C3DCC7 /* HyrulepediaApp.swift in Sources */,
				ED68A1942EDCCA2300C3DCC7 /* HyrulepediaTearsInformationSectionView.swift in Sources */,
				ED68A1952EDCCA2300C3DCC7 /* HyrulepediaTearsFooterSectionView.swift in Sources */,
				ED68A1962EDCCA2300C3DCC7 /* HyrulepediaTearsHeaderSectionView.swift in Sources */,
				ED6CCABA2EFB39C50089F7A6 /* HyrulepediaCrossLoaderSectionContract.swift in Sources */,
				EDCB1A332EEB739600F93E28 /* HyrulepediaCrossFooterSectionView.swift in Sources */,
				ED68A1282EDB022900C3DCC7 /* HyrulepediaGameSelectorScreen.swift in Sources */,
				ED68A1122EDA08AF00C3DCC7 /* HTTPMethod.swift in Sources */,
				ED68A1142EDA08CC00C3DCC7 /* Endpoint.swift in Sources */,
				ED68A1822EDCC4E600C3DCC7 /* AppRoute.swift in Sources */,
				ED68A12F2EDB064400C3DCC7 /* HyrulepediaBreathInformationSectionView.swift in Sources */,
				ED68A11A2EDA08FD00C3DCC7 /* DefaultNetworkService.swift in Sources */,
				EDCB1A362EEB745900F93E28 /* HyrulepediaCrossFooterSectionContract.swift in Sources */,
				ED68A1262EDA110E00C3DCC7 /* DependencyContainer.swift in Sources */,
				ED68A18E2EDCC98C00C3DCC7 /* HyrulepediaTearsScreen.swift in Sources */,
				ED68A1A42EDCCFAA00C3DCC7 /* HyrulepediaDetailImageSectionView.swift in Sources */,
				ED6CCAB82EFB39760089F7A6 /* HyrulepediaCrossLoaderSectionView.swift in Sources */,
				ED68A1A02EDCCF9B00C3DCC7 /* HyrulepediaDetailHeaderSectionView.swift in Sources */,
				ED68A1A12EDCCF9B00C3DCC7 /* HyrulepediaDetailInformationSectionView.swift in Sources */,
				ED68A1862EDCC4EC00C3DCC7 /* AppRootView.swift in Sources */,
				ED68A1162EDA08E300C3DCC7 /* NetworkService.swift in Sources */,
				ED68A1222EDA0A5F00C3DCC7 /* HyrulepediaDataEntity.swift in Sources */,
				ED68A1072EDA080600C3DCC7 /* HyrulepediaRepository.swift in Sources */,
			);
			runOnlyForDeploymentPostprocessing = 0;
		};
/* End PBXSourcesBuildPhase section */

/* Begin XCBuildConfiguration section */
		EDAEA98A2EDA06B3005B6E0B /* Debug */ = {
			isa = XCBuildConfiguration;
			buildSettings = {
				ALWAYS_SEARCH_USER_PATHS = NO;
				ASSETCATALOG_COMPILER_GENERATE_SWIFT_ASSET_SYMBOL_EXTENSIONS = YES;
				CLANG_ANALYZER_NONNULL = YES;
				CLANG_ANALYZER_NUMBER_OBJECT_CONVERSION = YES_AGGRESSIVE;
				CLANG_CXX_LANGUAGE_STANDARD = "gnu++20";
				CLANG_ENABLE_MODULES = YES;
				CLANG_ENABLE_OBJC_ARC = YES;
				CLANG_ENABLE_OBJC_WEAK = YES;
				CLANG_WARN_BLOCK_CAPTURE_AUTORELEASING = YES;
				CLANG_WARN_BOOL_CONVERSION = YES;
				CLANG_WARN_COMMA = YES;
				CLANG_WARN_CONSTANT_CONVERSION = YES;
				CLANG_WARN_DEPRECATED_OBJC_IMPLEMENTATIONS = YES;
				CLANG_WARN_DIRECT_OBJC_ISA_USAGE = YES_ERROR;
				CLANG_WARN_DOCUMENTATION_COMMENTS = YES;
				CLANG_WARN_EMPTY_BODY = YES;
				CLANG_WARN_ENUM_CONVERSION = YES;
				CLANG_WARN_INFINITE_RECURSION = YES;
				CLANG_WARN_INT_CONVERSION = YES;
				CLANG_WARN_NON_LITERAL_NULL_CONVERSION = YES;
				CLANG_WARN_OBJC_IMPLICIT_RETAIN_SELF = YES;
				CLANG_WARN_OBJC_LITERAL_CONVERSION = YES;
				CLANG_WARN_OBJC_ROOT_CLASS = YES_ERROR;
				CLANG_WARN_QUOTED_INCLUDE_IN_FRAMEWORK_HEADER = YES;
				CLANG_WARN_RANGE_LOOP_ANALYSIS = YES;
				CLANG_WARN_STRICT_PROTOTYPES = YES;
				CLANG_WARN_SUSPICIOUS_MOVE = YES;
				CLANG_WARN_UNGUARDED_AVAILABILITY = YES_AGGRESSIVE;
				CLANG_WARN_UNREACHABLE_CODE = YES;
				CLANG_WARN__DUPLICATE_METHOD_MATCH = YES;
				COPY_PHASE_STRIP = NO;
				DEBUG_INFORMATION_FORMAT = dwarf;
				DEVELOPMENT_TEAM = VZ82ZJHYB5;
				ENABLE_STRICT_OBJC_MSGSEND = YES;
				ENABLE_TESTABILITY = YES;
				ENABLE_USER_SCRIPT_SANDBOXING = YES;
				GCC_C_LANGUAGE_STANDARD = gnu17;
				GCC_DYNAMIC_NO_PIC = NO;
				GCC_NO_COMMON_BLOCKS = YES;
				GCC_OPTIMIZATION_LEVEL = 0;
				GCC_PREPROCESSOR_DEFINITIONS = (
					"DEBUG=1",
					"$(inherited)",
				);
				GCC_WARN_64_TO_32_BIT_CONVERSION = YES;
				GCC_WARN_ABOUT_RETURN_TYPE = YES_ERROR;
				GCC_WARN_UNDECLARED_SELECTOR = YES;
				GCC_WARN_UNINITIALIZED_AUTOS = YES_AGGRESSIVE;
				GCC_WARN_UNUSED_FUNCTION = YES;
				GCC_WARN_UNUSED_VARIABLE = YES;
				IPHONEOS_DEPLOYMENT_TARGET = 26.1;
				LOCALIZATION_PREFERS_STRING_CATALOGS = YES;
				MTL_ENABLE_DEBUG_INFO = INCLUDE_SOURCE;
				MTL_FAST_MATH = YES;
				ONLY_ACTIVE_ARCH = YES;
				SDKROOT = iphoneos;
				SWIFT_ACTIVE_COMPILATION_CONDITIONS = "DEBUG $(inherited)";
				SWIFT_OPTIMIZATION_LEVEL = "-Onone";
			};
			name = Debug;
		};
		EDAEA98B2EDA06B3005B6E0B /* Release */ = {
			isa = XCBuildConfiguration;
			buildSettings = {
				ALWAYS_SEARCH_USER_PATHS = NO;
				ASSETCATALOG_COMPILER_GENERATE_SWIFT_ASSET_SYMBOL_EXTENSIONS = YES;
				CLANG_ANALYZER_NONNULL = YES;
				CLANG_ANALYZER_NUMBER_OBJECT_CONVERSION = YES_AGGRESSIVE;
				CLANG_CXX_LANGUAGE_STANDARD = "gnu++20";
				CLANG_ENABLE_MODULES = YES;
				CLANG_ENABLE_OBJC_ARC = YES;
				CLANG_ENABLE_OBJC_WEAK = YES;
				CLANG_WARN_BLOCK_CAPTURE_AUTORELEASING = YES;
				CLANG_WARN_BOOL_CONVERSION = YES;
				CLANG_WARN_COMMA = YES;
				CLANG_WARN_CONSTANT_CONVERSION = YES;
				CLANG_WARN_DEPRECATED_OBJC_IMPLEMENTATIONS = YES;
				CLANG_WARN_DIRECT_OBJC_ISA_USAGE = YES_ERROR;
				CLANG_WARN_DOCUMENTATION_COMMENTS = YES;
				CLANG_WARN_EMPTY_BODY = YES;
				CLANG_WARN_ENUM_CONVERSION = YES;
				CLANG_WARN_INFINITE_RECURSION = YES;
				CLANG_WARN_INT_CONVERSION = YES;
				CLANG_WARN_NON_LITERAL_NULL_CONVERSION = YES;
				CLANG_WARN_OBJC_IMPLICIT_RETAIN_SELF = YES;
				CLANG_WARN_OBJC_LITERAL_CONVERSION = YES;
				CLANG_WARN_OBJC_ROOT_CLASS = YES_ERROR;
				CLANG_WARN_QUOTED_INCLUDE_IN_FRAMEWORK_HEADER = YES;
				CLANG_WARN_RANGE_LOOP_ANALYSIS = YES;
				CLANG_WARN_STRICT_PROTOTYPES = YES;
				CLANG_WARN_SUSPICIOUS_MOVE = YES;
				CLANG_WARN_UNGUARDED_AVAILABILITY = YES_AGGRESSIVE;
				CLANG_WARN_UNREACHABLE_CODE = YES;
				CLANG_WARN__DUPLICATE_METHOD_MATCH = YES;
				COPY_PHASE_STRIP = NO;
				DEBUG_INFORMATION_FORMAT = "dwarf-with-dsym";
				DEVELOPMENT_TEAM = VZ82ZJHYB5;
				ENABLE_NS_ASSERTIONS = NO;
				ENABLE_STRICT_OBJC_MSGSEND = YES;
				ENABLE_USER_SCRIPT_SANDBOXING = YES;
				GCC_C_LANGUAGE_STANDARD = gnu17;
				GCC_NO_COMMON_BLOCKS = YES;
				GCC_WARN_64_TO_32_BIT_CONVERSION = YES;
				GCC_WARN_ABOUT_RETURN_TYPE = YES_ERROR;
				GCC_WARN_UNDECLARED_SELECTOR = YES;
				GCC_WARN_UNINITIALIZED_AUTOS = YES_AGGRESSIVE;
				GCC_WARN_UNUSED_FUNCTION = YES;
				GCC_WARN_UNUSED_VARIABLE = YES;
				IPHONEOS_DEPLOYMENT_TARGET = 26.1;
				LOCALIZATION_PREFERS_STRING_CATALOGS = YES;
				MTL_ENABLE_DEBUG_INFO = NO;
				MTL_FAST_MATH = YES;
				SDKROOT = iphoneos;
				SWIFT_COMPILATION_MODE = wholemodule;
				VALIDATE_PRODUCT = YES;
			};
			name = Release;
		};
		EDAEA98D2EDA06B3005B6E0B /* Debug */ = {
			isa = XCBuildConfiguration;
			buildSettings = {
				ASSETCATALOG_COMPILER_APPICON_NAME = AppIcon;
				ASSETCATALOG_COMPILER_GLOBAL_ACCENT_COLOR_NAME = AccentColor;
				CODE_SIGN_IDENTITY = "Apple Development";
				"CODE_SIGN_IDENTITY[sdk=iphoneos*]" = "iPhone Distribution";
				CODE_SIGN_STYLE = Manual;
				CURRENT_PROJECT_VERSION = 1;
				DEVELOPMENT_TEAM = "";
				"DEVELOPMENT_TEAM[sdk=iphoneos*]" = VZ82ZJHYB5;
				ENABLE_PREVIEWS = YES;
				GENERATE_INFOPLIST_FILE = YES;
				INFOPLIST_FILE = Hyrulepedia/Info.plist;
				INFOPLIST_KEY_LSApplicationCategoryType = "public.app-category.entertainment";
				INFOPLIST_KEY_UIApplicationSceneManifest_Generation = YES;
				INFOPLIST_KEY_UIApplicationSupportsIndirectInputEvents = YES;
				INFOPLIST_KEY_UILaunchScreen_Generation = YES;
				INFOPLIST_KEY_UISupportedInterfaceOrientations = UIInterfaceOrientationPortrait;
				INFOPLIST_KEY_UISupportedInterfaceOrientations_iPad = "UIInterfaceOrientationLandscapeLeft UIInterfaceOrientationLandscapeRight UIInterfaceOrientationPortrait UIInterfaceOrientationPortraitUpsideDown";
				IPHONEOS_DEPLOYMENT_TARGET = 17;
				LD_RUNPATH_SEARCH_PATHS = (
					"$(inherited)",
					"@executable_path/Frameworks",
				);
				MARKETING_VERSION = 1.0.0;
				PRODUCT_BUNDLE_IDENTIFIER = com.javidev.Hyrulepedia;
				PRODUCT_NAME = "$(TARGET_NAME)";
				PROVISIONING_PROFILE_SPECIFIER = "";
				"PROVISIONING_PROFILE_SPECIFIER[sdk=iphoneos*]" = HyrulepediaApp;
				STRING_CATALOG_GENERATE_SYMBOLS = YES;
				SWIFT_APPROACHABLE_CONCURRENCY = YES;
				SWIFT_DEFAULT_ACTOR_ISOLATION = MainActor;
				SWIFT_EMIT_LOC_STRINGS = YES;
				SWIFT_UPCOMING_FEATURE_MEMBER_IMPORT_VISIBILITY = YES;
				SWIFT_VERSION = 5.0;
				TARGETED_DEVICE_FAMILY = 1;
			};
			name = Debug;
		};
		EDAEA98E2EDA06B3005B6E0B /* Release */ = {
			isa = XCBuildConfiguration;
			buildSettings = {
				ASSETCATALOG_COMPILER_APPICON_NAME = AppIcon;
				ASSETCATALOG_COMPILER_GLOBAL_ACCENT_COLOR_NAME = AccentColor;
				CODE_SIGN_IDENTITY = "Apple Development";
				"CODE_SIGN_IDENTITY[sdk=iphoneos*]" = "iPhone Distribution";
				CODE_SIGN_STYLE = Manual;
				CURRENT_PROJECT_VERSION = 1;
				DEVELOPMENT_TEAM = "";
				"DEVELOPMENT_TEAM[sdk=iphoneos*]" = VZ82ZJHYB5;
				ENABLE_PREVIEWS = YES;
				GENERATE_INFOPLIST_FILE = YES;
				INFOPLIST_FILE = Hyrulepedia/Info.plist;
				INFOPLIST_KEY_LSApplicationCategoryType = "public.app-category.entertainment";
				INFOPLIST_KEY_UIApplicationSceneManifest_Generation = YES;
				INFOPLIST_KEY_UIApplicationSupportsIndirectInputEvents = YES;
				INFOPLIST_KEY_UILaunchScreen_Generation = YES;
				INFOPLIST_KEY_UISupportedInterfaceOrientations = UIInterfaceOrientationPortrait;
				INFOPLIST_KEY_UISupportedInterfaceOrientations_iPad = "UIInterfaceOrientationLandscapeLeft UIInterfaceOrientationLandscapeRight UIInterfaceOrientationPortrait UIInterfaceOrientationPortraitUpsideDown";
				IPHONEOS_DEPLOYMENT_TARGET = 17;
				LD_RUNPATH_SEARCH_PATHS = (
					"$(inherited)",
					"@executable_path/Frameworks",
				);
				MARKETING_VERSION = 1.0.0;
				PRODUCT_BUNDLE_IDENTIFIER = com.javidev.Hyrulepedia;
				PRODUCT_NAME = "$(TARGET_NAME)";
				PROVISIONING_PROFILE_SPECIFIER = "";
				"PROVISIONING_PROFILE_SPECIFIER[sdk=iphoneos*]" = HyrulepediaApp;
				STRING_CATALOG_GENERATE_SYMBOLS = YES;
				SWIFT_APPROACHABLE_CONCURRENCY = YES;
				SWIFT_DEFAULT_ACTOR_ISOLATION = MainActor;
				SWIFT_EMIT_LOC_STRINGS = YES;
				SWIFT_UPCOMING_FEATURE_MEMBER_IMPORT_VISIBILITY = YES;
				SWIFT_VERSION = 5.0;
				TARGETED_DEVICE_FAMILY = 1;
			};
			name = Release;
		};
/* End XCBuildConfiguration section */

/* Begin XCConfigurationList section */
		EDAEA97C2EDA06B2005B6E0B /* Build configuration list for PBXProject "Hyrulepedia" */ = {
			isa = XCConfigurationList;
			buildConfigurations = (
				EDAEA98A2EDA06B3005B6E0B /* Debug */,
				EDAEA98B2EDA06B3005B6E0B /* Release */,
			);
			defaultConfigurationIsVisible = 0;
			defaultConfigurationName = Release;
		};
		EDAEA98C2EDA06B3005B6E0B /* Build configuration list for PBXNativeTarget "Hyrulepedia" */ = {
			isa = XCConfigurationList;
			buildConfigurations = (
				EDAEA98D2EDA06B3005B6E0B /* Debug */,
				EDAEA98E2EDA06B3005B6E0B /* Release */,
			);
			defaultConfigurationIsVisible = 0;
			defaultConfigurationName = Release;
		};
/* End XCConfigurationList section */

/* Begin XCRemoteSwiftPackageReference section */
		ED68A1302EDB073F00C3DCC7 /* XCRemoteSwiftPackageReference "Kingfisher" */ = {
			isa = XCRemoteSwiftPackageReference;
			repositoryURL = "https://github.com/onevcat/Kingfisher.git";
			requirement = {
				kind = upToNextMajorVersion;
				minimumVersion = 8.6.2;
			};
		};
/* End XCRemoteSwiftPackageReference section */

/* Begin XCSwiftPackageProductDependency section */
		ED68A1312EDB073F00C3DCC7 /* Kingfisher */ = {
			isa = XCSwiftPackageProductDependency;
			package = ED68A1302EDB073F00C3DCC7 /* XCRemoteSwiftPackageReference "Kingfisher" */;
			productName = Kingfisher;
		};
/* End XCSwiftPackageProductDependency section */
	};
	rootObject = EDAEA9792EDA06B2005B6E0B /* Project object */;
}
